
Microsoft Visual Studio Solution File, Format Version 12.00
# Visual Studio 15
VisualStudioVersion = 15.0.28010.2019
MinimumVisualStudioVersion = 10.0.40219.1
Project("{8BC9CEB8-8B4A-11D0-8D11-00A0C91BC942}") = "TheTask_8", "TheTask_8\TheTask_8.vcxproj", "{ACA2944D-25CE-44DA-8A9F-7104433B8773}"
EndProject
Global
	GlobalSection(SolutionConfigurationPlatforms) = preSolution
		Debug|x64 = Debug|x64
		Debug|x86 = Debug|x86
		Release|x64 = Release|x64
		Release|x86 = Release|x86
	EndGlobalSection
	GlobalSection(ProjectConfigurationPlatforms) = postSolution
		{ACA2944D-25CE-44DA-8A9F-7104433B8773}.Debug|x64.ActiveCfg = Debug|x64
		{ACA2944D-25CE-44DA-8A9F-7104433B8773}.Debug|x64.Build.0 = Debug|x64
		{ACA2944D-25CE-44DA-8A9F-7104433B8773}.Debug|x86.ActiveCfg = Debug|Win32
		{ACA2944D-25CE-44DA-8A9F-7104433B8773}.Debug|x86.Build.0 = Debug|Win32
		{ACA2944D-25CE-44DA-8A9F-7104433B8773}.Release|x64.ActiveCfg = Release|x64
		{ACA2944D-25CE-44DA-8A9F-7104433B8773}.Release|x64.Build.0 = Release|x64
		{ACA2944D-25CE-44DA-8A9F-7104433B8773}.Release|x86.ActiveCfg = Release|Win32
		{ACA2944D-25CE-44DA-8A9F-7104433B8773}.Release|x86.Build.0 = Release|Win32
	EndGlobalSection
	GlobalSection(SolutionProperties) = preSolution
		HideSolutionNode = FALSE
	EndGlobalSection
	GlobalSection(ExtensibilityGlobals) = postSolution
		SolutionGuid = {B292E76D-E113-4CB9-B1D5-541A7A4F6FB3}
	EndGlobalSection
EndGlobal
